// !$*UTF8*$!
{
	archiveVersion = 1;
	classes = {
	};
	objectVersion = 56;
	objects = {

/* Begin PBXBuildFile section */
		3150A9D92C8DDDFE00CDB6F2 /* MetalPetal_HDR_PlaygroundApp.swift in Sources */ = {isa = PBXBuildFile; fileRef = 3150A9D82C8DDDFE00CDB6F2 /* MetalPetal_HDR_PlaygroundApp.swift */; };
		3150A9DB2C8DDDFE00CDB6F2 /* ContentView.swift in Sources */ = {isa = PBXBuildFile; fileRef = 3150A9DA2C8DDDFE00CDB6F2 /* ContentView.swift */; };
		3150A9DD2C8DDDFF00CDB6F2 /* Assets.xcassets in Resources */ = {isa = PBXBuildFile; fileRef = 3150A9DC2C8DDDFF00CDB6F2 /* Assets.xcassets */; };
		3150A9E02C8DDDFF00CDB6F2 /* Preview Assets.xcassets in Resources */ = {isa = PBXBuildFile; fileRef = 3150A9DF2C8DDDFF00CDB6F2 /* Preview Assets.xcassets */; };
		3150A9EA2C8DDE4400CDB6F2 /* hdr-test.MOV in Resources */ = {isa = PBXBuildFile; fileRef = 3150A9E92C8DDE4400CDB6F2 /* hdr-test.MOV */; };
		3150A9EF2C8E1A7F00CDB6F2 /* MetalPetal in Frameworks */ = {isa = PBXBuildFile; productRef = 3150A9EE2C8E1A7F00CDB6F2 /* MetalPetal */; };
		3150A9F12C8E1B4400CDB6F2 /* FilteredVideoPlayer.swift in Sources */ = {isa = PBXBuildFile; fileRef = 3150A9F02C8E1B4400CDB6F2 /* FilteredVideoPlayer.swift */; };
/* End PBXBuildFile section */

/* Begin PBXFileReference section */
		3150A9D52C8DDDFE00CDB6F2 /* MetalPetal HDR Playground.app */ = {isa = PBXFileReference; explicitFileType = wrapper.application; includeInIndex = 0; path = "MetalPetal HDR Playground.app"; sourceTree = BUILT_PRODUCTS_DIR; };
		3150A9D82C8DDDFE00CDB6F2 /* MetalPetal_HDR_PlaygroundApp.swift */ = {isa = PBXFileReference; lastKnownFileType = sourcecode.swift; path = MetalPetal_HDR_PlaygroundApp.swift; sourceTree = "<group>"; };
		3150A9DA2C8DDDFE00CDB6F2 /* ContentView.swift */ = {isa = PBXFileReference; lastKnownFileType = sourcecode.swift; path = ContentView.swift; sourceTree = "<group>"; };
		3150A9DC2C8DDDFF00CDB6F2 /* Assets.xcassets */ = {isa = PBXFileReference; lastKnownFileType = folder.assetcatalog; path = Assets.xcassets; sourceTree = "<group>"; };
		3150A9DF2C8DDDFF00CDB6F2 /* Preview Assets.xcassets */ = {isa = PBXFileReference; lastKnownFileType = folder.assetcatalog; path = "Preview Assets.xcassets"; sourceTree = "<group>"; };
		3150A9E92C8DDE4400CDB6F2 /* hdr-test.MOV */ = {isa = PBXFileReference; lastKnownFileType = video.quicktime; path = "hdr-test.MOV"; sourceTree = "<group>"; };
		3150A9F02C8E1B4400CDB6F2 /* FilteredVideoPlayer.swift */ = {isa = PBXFileReference; lastKnownFileType = sourcecode.swift; path = FilteredVideoPlayer.swift; sourceTree = "<group>"; };
/* End PBXFileReference section */

/* Begin PBXFrameworksBuildPhase section */
		3150A9D22C8DDDFE00CDB6F2 /* Frameworks */ = {
			isa = PBXFrameworksBuildPhase;
			buildActionMask = 2147483647;
			files = (
				3150A9EF2C8E1A7F00CDB6F2 /* MetalPetal in Frameworks */,
			);
			runOnlyForDeploymentPostprocessing = 0;
		};
/* End PBXFrameworksBuildPhase section */

/* Begin PBXGroup section */
		3150A9CC2C8DDDFE00CDB6F2 = {
			isa = PBXGroup;
			children = (
				3150A9D72C8DDDFE00CDB6F2 /* MetalPetal HDR Playground */,
				3150A9D62C8DDDFE00CDB6F2 /* Products */,
			);
			sourceTree = "<group>";
		};
		3150A9D62C8DDDFE00CDB6F2 /* Products */ = {
			isa = PBXGroup;
			children = (
				3150A9D52C8DDDFE00CDB6F2 /* MetalPetal HDR Playground.app */,
			);
			name = Products;
			sourceTree = "<group>";
		};
		3150A9D72C8DDDFE00CDB6F2 /* MetalPetal HDR Playground */ = {
			isa = PBXGroup;
			children = (
				3150A9E92C8DDE4400CDB6F2 /* hdr-test.MOV */,
				3150A9D82C8DDDFE00CDB6F2 /* MetalPetal_HDR_PlaygroundApp.swift */,
				3150A9DA2C8DDDFE00CDB6F2 /* ContentView.swift */,
				3150A9F02C8E1B4400CDB6F2 /* FilteredVideoPlayer.swift */,
				3150A9DC2C8DDDFF00CDB6F2 /* Assets.xcassets */,
				3150A9DE2C8DDDFF00CDB6F2 /* Preview Content */,
			);
			path = "MetalPetal HDR Playground";
			sourceTree = "<group>";
		};
		3150A9DE2C8DDDFF00CDB6F2 /* Preview Content */ = {
			isa = PBXGroup;
			children = (
				3150A9DF2C8DDDFF00CDB6F2 /* Preview Assets.xcassets */,
			);
			path = "Preview Content";
			sourceTree = "<group>";
		};
/* End PBXGroup section */

/* Begin PBXNativeTarget section */
		3150A9D42C8DDDFE00CDB6F2 /* MetalPetal HDR Playground */ = {
			isa = PBXNativeTarget;
			buildConfigurationList = 3150A9E32C8DDDFF00CDB6F2 /* Build configuration list for PBXNativeTarget "MetalPetal HDR Playground" */;
			buildPhases = (
				3150A9D12C8DDDFE00CDB6F2 /* Sources */,
				3150A9D22C8DDDFE00CDB6F2 /* Frameworks */,
				3150A9D32C8DDDFE00CDB6F2 /* Resources */,
			);
			buildRules = (
			);
			dependencies = (
			);
			name = "MetalPetal HDR Playground";
			packageProductDependencies = (
				3150A9EE2C8E1A7F00CDB6F2 /* MetalPetal */,
			);
			productName = "MetalPetal HDR Playground";
			productReference = 3150A9D52C8DDDFE00CDB6F2 /* MetalPetal HDR Playground.app */;
			productType = "com.apple.product-type.application";
		};
/* End PBXNativeTarget section */

/* Begin PBXProject section */
		3150A9CD2C8DDDFE00CDB6F2 /* Project object */ = {
			isa = PBXProject;
			attributes = {
				BuildIndependentTargetsInParallel = 1;
				LastSwiftUpdateCheck = 1540;
				LastUpgradeCheck = 1540;
				TargetAttributes = {
					3150A9D42C8DDDFE00CDB6F2 = {
						CreatedOnToolsVersion = 15.4;
					};
				};
			};
			buildConfigurationList = 3150A9D02C8DDDFE00CDB6F2 /* Build configuration list for PBXProject "MetalPetal HDR Playground" */;
			compatibilityVersion = "Xcode 14.0";
			developmentRegion = en;
			hasScannedForEncodings = 0;
			knownRegions = (
				en,
				Base,
			);
			mainGroup = 3150A9CC2C8DDDFE00CDB6F2;
			packageReferences = (
				3150A9ED2C8E1A7F00CDB6F2 /* XCRemoteSwiftPackageReference "MetalPetal" */,
			);
			productRefGroup = 3150A9D62C8DDDFE00CDB6F2 /* Products */;
			projectDirPath = "";
			projectRoot = "";
			targets = (
				3150A9D42C8DDDFE00CDB6F2 /* MetalPetal HDR Playground */,
			);
		};
/* End PBXProject section */

/* Begin PBXResourcesBuildPhase section */
		3150A9D32C8DDDFE00CDB6F2 /* Resources */ = {
			isa = PBXResourcesBuildPhase;
			buildActionMask = 2147483647;
			files = (
				3150A9E02C8DDDFF00CDB6F2 /* Preview Assets.xcassets in Resources */,
				3150A9DD2C8DDDFF00CDB6F2 /* Assets.xcassets in Resources */,
				3150A9EA2C8DDE4400CDB6F2 /* hdr-test.MOV in Resources */,
			);
			runOnlyForDeploymentPostprocessing = 0;
		};
/* End PBXResourcesBuildPhase section */

/* Begin PBXSourcesBuildPhase section */
		3150A9D12C8DDDFE00CDB6F2 /* Sources */ = {
			isa = PBXSourcesBuildPhase;
			buildActionMask = 2147483647;
			files = (
				3150A9F12C8E1B4400CDB6F2 /* FilteredVideoPlayer.swift in Sources */,
				3150A9DB2C8DDDFE00CDB6F2 /* ContentView.swift in Sources */,
				3150A9D92C8DDDFE00CDB6F2 /* MetalPetal_HDR_PlaygroundApp.swift in Sources */,
			);
			runOnlyForDeploymentPostprocessing = 0;
		};
/* End PBXSourcesBuildPhase section */

/* Begin XCBuildConfiguration section */
		3150A9E12C8DDDFF00CDB6F2 /* Debug */ = {
			isa = XCBuildConfiguration;
			buildSettings = {
				ALWAYS_SEARCH_USER_PATHS = NO;
				ASSETCATALOG_COMPILER_GENERATE_SWIFT_ASSET_SYMBOL_EXTENSIONS = YES;
				CLANG_ANALYZER_NONNULL = YES;
				CLANG_ANALYZER_NUMBER_OBJECT_CONVERSION = YES_AGGRESSIVE;
				CLANG_CXX_LANGUAGE_STANDARD = "gnu++20";
				CLANG_ENABLE_MODULES = YES;
				CLANG_ENABLE_OBJC_ARC = YES;
				CLANG_ENABLE_OBJC_WEAK = YES;
				CLANG_WARN_BLOCK_CAPTURE_AUTORELEASING = YES;
				CLANG_WARN_BOOL_CONVERSION = YES;
				CLANG_WARN_COMMA = YES;
				CLANG_WARN_CONSTANT_CONVERSION = YES;
				CLANG_WARN_DEPRECATED_OBJC_IMPLEMENTATIONS = YES;
				CLANG_WARN_DIRECT_OBJC_ISA_USAGE = YES_ERROR;
				CLANG_WARN_DOCUMENTATION_COMMENTS = YES;
				CLANG_WARN_EMPTY_BODY = YES;
				CLANG_WARN_ENUM_CONVERSION = YES;
				CLANG_WARN_INFINITE_RECURSION = YES;
				CLANG_WARN_INT_CONVERSION = YES;
				CLANG_WARN_NON_LITERAL_NULL_CONVERSION = YES;
				CLANG_WARN_OBJC_IMPLICIT_RETAIN_SELF = YES;
				CLANG_WARN_OBJC_LITERAL_CONVERSION = YES;
				CLANG_WARN_OBJC_ROOT_CLASS = YES_ERROR;
				CLANG_WARN_QUOTED_INCLUDE_IN_FRAMEWORK_HEADER = YES;
				CLANG_WARN_RANGE_LOOP_ANALYSIS = YES;
				CLANG_WARN_STRICT_PROTOTYPES = YES;
				CLANG_WARN_SUSPICIOUS_MOVE = YES;
				CLANG_WARN_UNGUARDED_AVAILABILITY = YES_AGGRESSIVE;
				CLANG_WARN_UNREACHABLE_CODE = YES;
				CLANG_WARN__DUPLICATE_METHOD_MATCH = YES;
				COPY_PHASE_STRIP = NO;
				DEBUG_INFORMATION_FORMAT = dwarf;
				ENABLE_STRICT_OBJC_MSGSEND = YES;
				ENABLE_TESTABILITY = YES;
				ENABLE_USER_SCRIPT_SANDBOXING = YES;
				GCC_C_LANGUAGE_STANDARD = gnu17;
				GCC_DYNAMIC_NO_PIC = NO;
				GCC_NO_COMMON_BLOCKS = YES;
				GCC_OPTIMIZATION_LEVEL = 0;
				GCC_PREPROCESSOR_DEFINITIONS = (
					"DEBUG=1",
					"$(inherited)",
				);
				GCC_WARN_64_TO_32_BIT_CONVERSION = YES;
				GCC_WARN_ABOUT_RETURN_TYPE = YES_ERROR;
				GCC_WARN_UNDECLARED_SELECTOR = YES;
				GCC_WARN_UNINITIALIZED_AUTOS = YES_AGGRESSIVE;
				GCC_WARN_UNUSED_FUNCTION = YES;
				GCC_WARN_UNUSED_VARIABLE = YES;
				IPHONEOS_DEPLOYMENT_TARGET = 17.5;
				LOCALIZATION_PREFERS_STRING_CATALOGS = YES;
				MTL_ENABLE_DEBUG_INFO = INCLUDE_SOURCE;
				MTL_FAST_MATH = YES;
				ONLY_ACTIVE_ARCH = YES;
				SDKROOT = iphoneos;
				SWIFT_ACTIVE_COMPILATION_CONDITIONS = "DEBUG $(inherited)";
				SWIFT_OPTIMIZATION_LEVEL = "-Onone";
			};
			name = Debug;
		};
		3150A9E22C8DDDFF00CDB6F2 /* Release */ = {
			isa = XCBuildConfiguration;
			buildSettings = {
				ALWAYS_SEARCH_USER_PATHS = NO;
				ASSETCATALOG_COMPILER_GENERATE_SWIFT_ASSET_SYMBOL_EXTENSIONS = YES;
				CLANG_ANALYZER_NONNULL = YES;
				CLANG_ANALYZER_NUMBER_OBJECT_CONVERSION = YES_AGGRESSIVE;
				CLANG_CXX_LANGUAGE_STANDARD = "gnu++20";
				CLANG_ENABLE_MODULES = YES;
				CLANG_ENABLE_OBJC_ARC = YES;
				CLANG_ENABLE_OBJC_WEAK = YES;
				CLANG_WARN_BLOCK_CAPTURE_AUTORELEASING = YES;
				CLANG_WARN_BOOL_CONVERSION = YES;
				CLANG_WARN_COMMA = YES;
				CLANG_WARN_CONSTANT_CONVERSION = YES;
				CLANG_WARN_DEPRECATED_OBJC_IMPLEMENTATIONS = YES;
				CLANG_WARN_DIRECT_OBJC_ISA_USAGE = YES_ERROR;
				CLANG_WARN_DOCUMENTATION_COMMENTS = YES;
				CLANG_WARN_EMPTY_BODY = YES;
				CLANG_WARN_ENUM_CONVERSION = YES;
				CLANG_WARN_INFINITE_RECURSION = YES;
				CLANG_WARN_INT_CONVERSION = YES;
				CLANG_WARN_NON_LITERAL_NULL_CONVERSION = YES;
				CLANG_WARN_OBJC_IMPLICIT_RETAIN_SELF = YES;
				CLANG_WARN_OBJC_LITERAL_CONVERSION = YES;
				CLANG_WARN_OBJC_ROOT_CLASS = YES_ERROR;
				CLANG_WARN_QUOTED_INCLUDE_IN_FRAMEWORK_HEADER = YES;
				CLANG_WARN_RANGE_LOOP_ANALYSIS = YES;
				CLANG_WARN_STRICT_PROTOTYPES = YES;
				CLANG_WARN_SUSPICIOUS_MOVE = YES;
				CLANG_WARN_UNGUARDED_AVAILABILITY = YES_AGGRESSIVE;
				CLANG_WARN_UNREACHABLE_CODE = YES;
				CLANG_WARN__DUPLICATE_METHOD_MATCH = YES;
				COPY_PHASE_STRIP = NO;
				DEBUG_INFORMATION_FORMAT = "dwarf-with-dsym";
				ENABLE_NS_ASSERTIONS = NO;
				ENABLE_STRICT_OBJC_MSGSEND = YES;
				ENABLE_USER_SCRIPT_SANDBOXING = YES;
				GCC_C_LANGUAGE_STANDARD = gnu17;
				GCC_NO_COMMON_BLOCKS = YES;
				GCC_WARN_64_TO_32_BIT_CONVERSION = YES;
				GCC_WARN_ABOUT_RETURN_TYPE = YES_ERROR;
				GCC_WARN_UNDECLARED_SELECTOR = YES;
				GCC_WARN_UNINITIALIZED_AUTOS = YES_AGGRESSIVE;
				GCC_WARN_UNUSED_FUNCTION = YES;
				GCC_WARN_UNUSED_VARIABLE = YES;
				IPHONEOS_DEPLOYMENT_TARGET = 17.5;
				LOCALIZATION_PREFERS_STRING_CATALOGS = YES;
				MTL_ENABLE_DEBUG_INFO = NO;
				MTL_FAST_MATH = YES;
				SDKROOT = iphoneos;
				SWIFT_COMPILATION_MODE = wholemodule;
				VALIDATE_PRODUCT = YES;
			};
			name = Release;
		};
		3150A9E42C8DDDFF00CDB6F2 /* Debug */ = {
			isa = XCBuildConfiguration;
			buildSettings = {
				ASSETCATALOG_COMPILER_APPICON_NAME = AppIcon;
				ASSETCATALOG_COMPILER_GLOBAL_ACCENT_COLOR_NAME = AccentColor;
				CODE_SIGN_STYLE = Automatic;
				CURRENT_PROJECT_VERSION = 1;
				DEVELOPMENT_ASSET_PATHS = "\"MetalPetal HDR Playground/Preview Content\"";
				DEVELOPMENT_TEAM = U9PQ9N77J2;
				ENABLE_PREVIEWS = YES;
				GENERATE_INFOPLIST_FILE = YES;
				INFOPLIST_KEY_UIApplicationSceneManifest_Generation = YES;
				INFOPLIST_KEY_UIApplicationSupportsIndirectInputEvents = YES;
				INFOPLIST_KEY_UILaunchScreen_Generation = YES;
				INFOPLIST_KEY_UISupportedInterfaceOrientations_iPad = "UIInterfaceOrientationPortrait UIInterfaceOrientationPortraitUpsideDown UIInterfaceOrientationLandscapeLeft UIInterfaceOrientationLandscapeRight";
				INFOPLIST_KEY_UISupportedInterfaceOrientations_iPhone = "UIInterfaceOrientationPortrait UIInterfaceOrientationLandscapeLeft UIInterfaceOrientationLandscapeRight";
				LD_RUNPATH_SEARCH_PATHS = (
					"$(inherited)",
					"@executable_path/Frameworks",
				);
				MARKETING_VERSION = 1.0;
				PRODUCT_BUNDLE_IDENTIFIER = "me.zachgibson.MetalPetal-HDR-Playground";
				PRODUCT_NAME = "$(TARGET_NAME)";
				SWIFT_EMIT_LOC_STRINGS = YES;
				SWIFT_VERSION = 5.0;
				TARGETED_DEVICE_FAMILY = "1,2";
			};
			name = Debug;
		};
		3150A9E52C8DDDFF00CDB6F2 /* Release */ = {
			isa = XCBuildConfiguration;
			buildSettings = {
				ASSETCATALOG_COMPILER_APPICON_NAME = AppIcon;
				ASSETCATALOG_COMPILER_GLOBAL_ACCENT_COLOR_NAME = AccentColor;
				CODE_SIGN_STYLE = Automatic;
				CURRENT_PROJECT_VERSION = 1;
				DEVELOPMENT_ASSET_PATHS = "\"MetalPetal HDR Playground/Preview Content\"";
				DEVELOPMENT_TEAM = U9PQ9N77J2;
				ENABLE_PREVIEWS = YES;
				GENERATE_INFOPLIST_FILE = YES;
				INFOPLIST_KEY_UIApplicationSceneManifest_Generation = YES;
				INFOPLIST_KEY_UIApplicationSupportsIndirectInputEvents = YES;
				INFOPLIST_KEY_UILaunchScreen_Generation = YES;
				INFOPLIST_KEY_UISupportedInterfaceOrientations_iPad = "UIInterfaceOrientationPortrait UIInterfaceOrientationPortraitUpsideDown UIInterfaceOrientationLandscapeLeft UIInterfaceOrientationLandscapeRight";
				INFOPLIST_KEY_UISupportedInterfaceOrientations_iPhone = "UIInterfaceOrientationPortrait UIInterfaceOrientationLandscapeLeft UIInterfaceOrientationLandscapeRight";
				LD_RUNPATH_SEARCH_PATHS = (
					"$(inherited)",
					"@executable_path/Frameworks",
				);
				MARKETING_VERSION = 1.0;
				PRODUCT_BUNDLE_IDENTIFIER = "me.zachgibson.MetalPetal-HDR-Playground";
				PRODUCT_NAME = "$(TARGET_NAME)";
				SWIFT_EMIT_LOC_STRINGS = YES;
				SWIFT_VERSION = 5.0;
				TARGETED_DEVICE_FAMILY = "1,2";
			};
			name = Release;
		};
/* End XCBuildConfiguration section */

/* Begin XCConfigurationList section */
		3150A9D02C8DDDFE00CDB6F2 /* Build configuration list for PBXProject "MetalPetal HDR Playground" */ = {
			isa = XCConfigurationList;
			buildConfigurations = (
				3150A9E12C8DDDFF00CDB6F2 /* Debug */,
				3150A9E22C8DDDFF00CDB6F2 /* Release */,
			);
			defaultConfigurationIsVisible = 0;
			defaultConfigurationName = Release;
		};
		3150A9E32C8DDDFF00CDB6F2 /* Build configuration list for PBXNativeTarget "MetalPetal HDR Playground" */ = {
			isa = XCConfigurationList;
			buildConfigurations = (
				3150A9E42C8DDDFF00CDB6F2 /* Debug */,
				3150A9E52C8DDDFF00CDB6F2 /* Release */,
			);
			defaultConfigurationIsVisible = 0;
			defaultConfigurationName = Release;
		};
/* End XCConfigurationList section */

/* Begin XCRemoteSwiftPackageReference section */
		3150A9ED2C8E1A7F00CDB6F2 /* XCRemoteSwiftPackageReference "MetalPetal" */ = {
			isa = XCRemoteSwiftPackageReference;
			repositoryURL = "https://github.com/MetalPetal/MetalPetal";
			requirement = {
				kind = upToNextMajorVersion;
				minimumVersion = 1.25.2;
			};
		};
/* End XCRemoteSwiftPackageReference section */

/* Begin XCSwiftPackageProductDependency section */
		3150A9EE2C8E1A7F00CDB6F2 /* MetalPetal */ = {
			isa = XCSwiftPackageProductDependency;
			package = 3150A9ED2C8E1A7F00CDB6F2 /* XCRemoteSwiftPackageReference "MetalPetal" */;
			productName = MetalPetal;
		};
/* End XCSwiftPackageProductDependency section */
	};
	rootObject = 3150A9CD2C8DDDFE00CDB6F2 /* Project object */;
}
