{
  "originHash" : "c1aa1666e87721fd9ec29bc5706680b4c1e8ce11cdfdd5fbd57071a9a0ac9b64",
  "pins" : [
    {
      "identity" : "metalpetal",
      "kind" : "remoteSourceControl",
      "location" : "https://github.com/MetalPetal/MetalPetal",
      "state" : {
        "revision" : "f9b78897bd4214bb097f352a1bde0a4f4a1e2ddb",
        "version" : "1.25.2"
      }
    }
  ],
  "version" : 3
}
